// !$*UTF8*$!
{
	archiveVersion = 1;
	classes = {
	};
	objectVersion = 46;
	objects = {

/* Begin PBXBuildFile section */
		272ECB9B1C73394800011318 /* AppDelegate.swift in Sources */ = {isa = PBXBuildFile; fileRef = 272ECB9A1C73394800011318 /* AppDelegate.swift */; };
		272ECB9D1C73394800011318 /* MasterViewController.swift in Sources */ = {isa = PBXBuildFile; fileRef = 272ECB9C1C73394800011318 /* MasterViewController.swift */; };
		272ECB9F1C73394800011318 /* DetailViewController.swift in Sources */ = {isa = PBXBuildFile; fileRef = 272ECB9E1C73394800011318 /* DetailViewController.swift */; };
		272ECBA21C73394800011318 /* Main.storyboard in Resources */ = {isa = PBXBuildFile; fileRef = 272ECBA01C73394800011318 /* Main.storyboard */; };
		272ECBA41C73394800011318 /* Assets.xcassets in Resources */ = {isa = PBXBuildFile; fileRef = 272ECBA31C73394800011318 /* Assets.xcassets */; };
		272ECBA71C73394800011318 /* LaunchScreen.storyboard in Resources */ = {isa = PBXBuildFile; fileRef = 272ECBA51C73394800011318 /* LaunchScreen.storyboard */; };
/* End PBXBuildFile section */

/* Begin PBXFileReference section */
		272ECB971C73394800011318 /* Master-Detail.app */ = {isa = PBXFileReference; explicitFileType = wrapper.application; includeInIndex = 0; path = "Master-Detail.app"; sourceTree = BUILT_PRODUCTS_DIR; };
		272ECB9A1C73394800011318 /* AppDelegate.swift */ = {isa = PBXFileReference; lastKnownFileType = sourcecode.swift; path = AppDelegate.swift; sourceTree = "<group>"; };
		272ECB9C1C73394800011318 /* MasterViewController.swift */ = {isa = PBXFileReference; lastKnownFileType = sourcecode.swift; path = MasterViewController.swift; sourceTree = "<group>"; };
		272ECB9E1C73394800011318 /* DetailViewController.swift */ = {isa = PBXFileReference; lastKnownFileType = sourcecode.swift; path = DetailViewController.swift; sourceTree = "<group>"; };
		272ECBA11C73394800011318 /* Base */ = {isa = PBXFileReference; lastKnownFileType = file.storyboard; name = Base; path = Base.lproj/Main.storyboard; sourceTree = "<group>"; };
		272ECBA31C73394800011318 /* Assets.xcassets */ = {isa = PBXFileReference; lastKnownFileType = folder.assetcatalog; path = Assets.xcassets; sourceTree = "<group>"; };
		272ECBA61C73394800011318 /* Base */ = {isa = PBXFileReference; lastKnownFileType = file.storyboard; name = Base; path = Base.lproj/LaunchScreen.storyboard; sourceTree = "<group>"; };
		272ECBA81C73394800011318 /* Info.plist */ = {isa = PBXFileReference; lastKnownFileType = text.plist.xml; path = Info.plist; sourceTree = "<group>"; };
/* End PBXFileReference section */

/* Begin PBXFrameworksBuildPhase section */
		272ECB941C73394800011318 /* Frameworks */ = {
			isa = PBXFrameworksBuildPhase;
			buildActionMask = 2147483647;
			files = (
			);
			runOnlyForDeploymentPostprocessing = 0;
		};
/* End PBXFrameworksBuildPhase section */

/* Begin PBXGroup section */
		272ECB8E1C73394800011318 = {
			isa = PBXGroup;
			children = (
				272ECB991C73394800011318 /* Master-Detail */,
				272ECB981C73394800011318 /* Products */,
			);
			sourceTree = "<group>";
		};
		272ECB981C73394800011318 /* Products */ = {
			isa = PBXGroup;
			children = (
				272ECB971C73394800011318 /* Master-Detail.app */,
			);
			name = Products;
			sourceTree = "<group>";
		};
		272ECB991C73394800011318 /* Master-Detail */ = {
			isa = PBXGroup;
			children = (
				272ECB9A1C73394800011318 /* AppDelegate.swift */,
				272ECB9C1C73394800011318 /* MasterViewController.swift */,
				272ECB9E1C73394800011318 /* DetailViewController.swift */,
				272ECBA01C73394800011318 /* Main.storyboard */,
				272ECBA31C73394800011318 /* Assets.xcassets */,
				272ECBA51C73394800011318 /* LaunchScreen.storyboard */,
				272ECBA81C73394800011318 /* Info.plist */,
			);
			path = "Master-Detail";
			sourceTree = "<group>";
		};
/* End PBXGroup section */

/* Begin PBXNativeTarget section */
		272ECB961C73394800011318 /* Master-Detail */ = {
			isa = PBXNativeTarget;
			buildConfigurationList = 272ECBAB1C73394800011318 /* Build configuration list for PBXNativeTarget "Master-Detail" */;
			buildPhases = (
				272ECB931C73394800011318 /* Sources */,
				272ECB941C73394800011318 /* Frameworks */,
				272ECB951C73394800011318 /* Resources */,
			);
			buildRules = (
			);
			dependencies = (
			);
			name = "Master-Detail";
			productName = "Master-Detail";
			productReference = 272ECB971C73394800011318 /* Master-Detail.app */;
			productType = "com.apple.product-type.application";
		};
/* End PBXNativeTarget section */

/* Begin PBXProject section */
		272ECB8F1C73394800011318 /* Project object */ = {
			isa = PBXProject;
			attributes = {
				LastSwiftUpdateCheck = 0720;
				LastUpgradeCheck = 0720;
				ORGANIZATIONNAME = Weblify;
				TargetAttributes = {
					272ECB961C73394800011318 = {
						CreatedOnToolsVersion = 7.2;
					};
				};
			};
			buildConfigurationList = 272ECB921C73394800011318 /* Build configuration list for PBXProject "Master-Detail" */;
			compatibilityVersion = "Xcode 3.2";
			developmentRegion = English;
			hasScannedForEncodings = 0;
			knownRegions = (
				en,
				Base,
			);
			mainGroup = 272ECB8E1C73394800011318;
			productRefGroup = 272ECB981C73394800011318 /* Products */;
			projectDirPath = "";
			projectRoot = "";
			targets = (
				272ECB961C73394800011318 /* Master-Detail */,
			);
		};
/* End PBXProject section */

/* Begin PBXResourcesBuildPhase section */
		272ECB951C73394800011318 /* Resources */ = {
			isa = PBXResourcesBuildPhase;
			buildActionMask = 2147483647;
			files = (
				272ECBA71C73394800011318 /* LaunchScreen.storyboard in Resources */,
				272ECBA41C73394800011318 /* Assets.xcassets in Resources */,
				272ECBA21C73394800011318 /* Main.storyboard in Resources */,
			);
			runOnlyForDeploymentPostprocessing = 0;
		};
/* End PBXResourcesBuildPhase section */

/* Begin PBXSourcesBuildPhase section */
		272ECB931C73394800011318 /* Sources */ = {
			isa = PBXSourcesBuildPhase;
			buildActionMask = 2147483647;
			files = (
				272ECB9F1C73394800011318 /* DetailViewController.swift in Sources */,
				272ECB9D1C73394800011318 /* MasterViewController.swift in Sources */,
				272ECB9B1C73394800011318 /* AppDelegate.swift in Sources */,
			);
			runOnlyForDeploymentPostprocessing = 0;
		};
/* End PBXSourcesBuildPhase section */

/* Begin PBXVariantGroup section */
		272ECBA01C73394800011318 /* Main.storyboard */ = {
			isa = PBXVariantGroup;
			children = (
				272ECBA11C73394800011318 /* Base */,
			);
			name = Main.storyboard;
			sourceTree = "<group>";
		};
		272ECBA51C73394800011318 /* LaunchScreen.storyboard */ = {
			isa = PBXVariantGroup;
			children = (
				272ECBA61C73394800011318 /* Base */,
			);
			name = LaunchScreen.storyboard;
			sourceTree = "<group>";
		};
/* End PBXVariantGroup section */

/* Begin XCBuildConfiguration section */
		272ECBA91C73394800011318 /* Debug */ = {
			isa = XCBuildConfiguration;
			buildSettings = {
				ALWAYS_SEARCH_USER_PATHS = NO;
				CLANG_CXX_LANGUAGE_STANDARD = "gnu++0x";
				CLANG_CXX_LIBRARY = "libc++";
				CLANG_ENABLE_MODULES = YES;
				CLANG_ENABLE_OBJC_ARC = YES;
				CLANG_WARN_BOOL_CONVERSION = YES;
				CLANG_WARN_CONSTANT_CONVERSION = YES;
				CLANG_WARN_DIRECT_OBJC_ISA_USAGE = YES_ERROR;
				CLANG_WARN_EMPTY_BODY = YES;
				CLANG_WARN_ENUM_CONVERSION = YES;
				CLANG_WARN_INT_CONVERSION = YES;
				CLANG_WARN_OBJC_ROOT_CLASS = YES_ERROR;
				CLANG_WARN_UNREACHABLE_CODE = YES;
				CLANG_WARN__DUPLICATE_METHOD_MATCH = YES;
				"CODE_SIGN_IDENTITY[sdk=iphoneos*]" = "iPhone Developer";
				COPY_PHASE_STRIP = NO;
				DEBUG_INFORMATION_FORMAT = dwarf;
				ENABLE_STRICT_OBJC_MSGSEND = YES;
				ENABLE_TESTABILITY = YES;
				GCC_C_LANGUAGE_STANDARD = gnu99;
				GCC_DYNAMIC_NO_PIC = NO;
				GCC_NO_COMMON_BLOCKS = YES;
				GCC_OPTIMIZATION_LEVEL = 0;
				GCC_PREPROCESSOR_DEFINITIONS = (
					"DEBUG=1",
					"$(inherited)",
				);
				GCC_WARN_64_TO_32_BIT_CONVERSION = YES;
				GCC_WARN_ABOUT_RETURN_TYPE = YES_ERROR;
				GCC_WARN_UNDECLARED_SELECTOR = YES;
				GCC_WARN_UNINITIALIZED_AUTOS = YES_AGGRESSIVE;
				GCC_WARN_UNUSED_FUNCTION = YES;
				GCC_WARN_UNUSED_VARIABLE = YES;
				IPHONEOS_DEPLOYMENT_TARGET = 9.2;
				MTL_ENABLE_DEBUG_INFO = YES;
				ONLY_ACTIVE_ARCH = YES;
				SDKROOT = iphoneos;
				SWIFT_OPTIMIZATION_LEVEL = "-Onone";
				TARGETED_DEVICE_FAMILY = "1,2";
			};
			name = Debug;
		};
		272ECBAA1C73394800011318 /* Release */ = {
			isa = XCBuildConfiguration;
			buildSettings = {
				ALWAYS_SEARCH_USER_PATHS = NO;
				CLANG_CXX_LANGUAGE_STANDARD = "gnu++0x";
				CLANG_CXX_LIBRARY = "libc++";
				CLANG_ENABLE_MODULES = YES;
				CLANG_ENABLE_OBJC_ARC = YES;
				CLANG_WARN_BOOL_CONVERSION = YES;
				CLANG_WARN_CONSTANT_CONVERSION = YES;
				CLANG_WARN_DIRECT_OBJC_ISA_USAGE = YES_ERROR;
				CLANG_WARN_EMPTY_BODY = YES;
				CLANG_WARN_ENUM_CONVERSION = YES;
				CLANG_WARN_INT_CONVERSION = YES;
				CLANG_WARN_OBJC_ROOT_CLASS = YES_ERROR;
				CLANG_WARN_UNREACHABLE_CODE = YES;
				CLANG_WARN__DUPLICATE_METHOD_MATCH = YES;
				"CODE_SIGN_IDENTITY[sdk=iphoneos*]" = "iPhone Developer";
				COPY_PHASE_STRIP = NO;
				DEBUG_INFORMATION_FORMAT = "dwarf-with-dsym";
				ENABLE_NS_ASSERTIONS = NO;
				ENABLE_STRICT_OBJC_MSGSEND = YES;
				GCC_C_LANGUAGE_STANDARD = gnu99;
				GCC_NO_COMMON_BLOCKS = YES;
				GCC_WARN_64_TO_32_BIT_CONVERSION = YES;
				GCC_WARN_ABOUT_RETURN_TYPE = YES_ERROR;
				GCC_WARN_UNDECLARED_SELECTOR = YES;
				GCC_WARN_UNINITIALIZED_AUTOS = YES_AGGRESSIVE;
				GCC_WARN_UNUSED_FUNCTION = YES;
				GCC_WARN_UNUSED_VARIABLE = YES;
				IPHONEOS_DEPLOYMENT_TARGET = 9.2;
				MTL_ENABLE_DEBUG_INFO = NO;
				SDKROOT = iphoneos;
				TARGETED_DEVICE_FAMILY = "1,2";
				VALIDATE_PRODUCT = YES;
			};
			name = Release;
		};
		272ECBAC1C73394800011318 /* Debug */ = {
			isa = XCBuildConfiguration;
			buildSettings = {
				ASSETCATALOG_COMPILER_APPICON_NAME = AppIcon;
				INFOPLIST_FILE = "Master-Detail/Info.plist";
				IPHONEOS_DEPLOYMENT_TARGET = 8.2;
				LD_RUNPATH_SEARCH_PATHS = "$(inherited) @executable_path/Frameworks";
				PRODUCT_BUNDLE_IDENTIFIER = "com.tubis.Master-Detail";
				PRODUCT_NAME = "$(TARGET_NAME)";
			};
			name = Debug;
		};
		272ECBAD1C73394800011318 /* Release */ = {
			isa = XCBuildConfiguration;
			buildSettings = {
				ASSETCATALOG_COMPILER_APPICON_NAME = AppIcon;
				INFOPLIST_FILE = "Master-Detail/Info.plist";
				IPHONEOS_DEPLOYMENT_TARGET = 8.2;
				LD_RUNPATH_SEARCH_PATHS = "$(inherited) @executable_path/Frameworks";
				PRODUCT_BUNDLE_IDENTIFIER = "com.tubis.Master-Detail";
				PRODUCT_NAME = "$(TARGET_NAME)";
			};
			name = Release;
		};
/* End XCBuildConfiguration section */

/* Begin XCConfigurationList section */
		272ECB921C73394800011318 /* Build configuration list for PBXProject "Master-Detail" */ = {
			isa = XCConfigurationList;
			buildConfigurations = (
				272ECBA91C73394800011318 /* Debug */,
				272ECBAA1C73394800011318 /* Release */,
			);
			defaultConfigurationIsVisible = 0;
			defaultConfigurationName = Release;
		};
		272ECBAB1C73394800011318 /* Build configuration list for PBXNativeTarget "Master-Detail" */ = {
			isa = XCConfigurationList;
			buildConfigurations = (
				272ECBAC1C73394800011318 /* Debug */,
				272ECBAD1C73394800011318 /* Release */,
			);
			defaultConfigurationIsVisible = 0;
			defaultConfigurationName = Release;
		};
/* End XCConfigurationList section */
	};
	rootObject = 272ECB8F1C73394800011318 /* Project object */;
}
