// !$*UTF8*$!
{
	archiveVersion = 1;
	classes = {
	};
	objectVersion = 46;
	objects = {

/* Begin PBXBuildFile section */
		2762FBD01C91D29C00A60257 /* Pin.swift in Sources */ = {isa = PBXBuildFile; fileRef = 2762FBCE1C91D29C00A60257 /* Pin.swift */; };
		2762FBD61C92D45000A60257 /* CoreDataStackManager.swift in Sources */ = {isa = PBXBuildFile; fileRef = 2762FBD51C92D45000A60257 /* CoreDataStackManager.swift */; };
		2762FBD91C92D59300A60257 /* Model.xcdatamodeld in Sources */ = {isa = PBXBuildFile; fileRef = 2762FBD71C92D59300A60257 /* Model.xcdatamodeld */; };
		2762FBDD1C92F13500A60257 /* Fabric.framework in Frameworks */ = {isa = PBXBuildFile; fileRef = 2762FBDB1C92F13500A60257 /* Fabric.framework */; };
		2762FBDE1C92F13500A60257 /* Crashlytics.framework in Frameworks */ = {isa = PBXBuildFile; fileRef = 2762FBDC1C92F13500A60257 /* Crashlytics.framework */; };
		2762FBE11C93149E00A60257 /* CollectionViewCell.swift in Sources */ = {isa = PBXBuildFile; fileRef = 2762FBE01C93149E00A60257 /* CollectionViewCell.swift */; };
		2762FBEC1C96E22500A60257 /* FlickrClient.swift in Sources */ = {isa = PBXBuildFile; fileRef = 2762FBEB1C96E22500A60257 /* FlickrClient.swift */; };
		2762FBEE1C96E3F000A60257 /* FlickrConstants.swift in Sources */ = {isa = PBXBuildFile; fileRef = 2762FBED1C96E3F000A60257 /* FlickrConstants.swift */; };
		27681BBD1C8F20090093D929 /* AppDelegate.swift in Sources */ = {isa = PBXBuildFile; fileRef = 27681BBC1C8F20090093D929 /* AppDelegate.swift */; };
		27681BBF1C8F20090093D929 /* MapView.swift in Sources */ = {isa = PBXBuildFile; fileRef = 27681BBE1C8F20090093D929 /* MapView.swift */; };
		27681BC21C8F20090093D929 /* Main.storyboard in Resources */ = {isa = PBXBuildFile; fileRef = 27681BC01C8F20090093D929 /* Main.storyboard */; };
		27681BCA1C8F20090093D929 /* LaunchScreen.storyboard in Resources */ = {isa = PBXBuildFile; fileRef = 27681BC81C8F20090093D929 /* LaunchScreen.storyboard */; };
		27681BD51C8F20090093D929 /* Virtual_TouristTests.swift in Sources */ = {isa = PBXBuildFile; fileRef = 27681BD41C8F20090093D929 /* Virtual_TouristTests.swift */; };
		27681BE01C8F20090093D929 /* Virtual_TouristUITests.swift in Sources */ = {isa = PBXBuildFile; fileRef = 27681BDF1C8F20090093D929 /* Virtual_TouristUITests.swift */; };
		27681BF11C9181FF0093D929 /* CoreLocation.framework in Frameworks */ = {isa = PBXBuildFile; fileRef = 27681BF01C9181FF0093D929 /* CoreLocation.framework */; };
		27681BF31C91980E0093D929 /* PhotoAlbum.swift in Sources */ = {isa = PBXBuildFile; fileRef = 27681BF21C91980E0093D929 /* PhotoAlbum.swift */; };
		27681BF41C91980E0093D929 /* PhotoAlbum.swift in Sources */ = {isa = PBXBuildFile; fileRef = 27681BF21C91980E0093D929 /* PhotoAlbum.swift */; };
		27681BF51C91980E0093D929 /* PhotoAlbum.swift in Sources */ = {isa = PBXBuildFile; fileRef = 27681BF21C91980E0093D929 /* PhotoAlbum.swift */; };
		27681BF71C91A4E00093D929 /* Assets.xcassets in Resources */ = {isa = PBXBuildFile; fileRef = 27681BF61C91A4E00093D929 /* Assets.xcassets */; };
		27681BF81C91A4E00093D929 /* Assets.xcassets in Resources */ = {isa = PBXBuildFile; fileRef = 27681BF61C91A4E00093D929 /* Assets.xcassets */; };
		27681BF91C91A4E00093D929 /* Assets.xcassets in Resources */ = {isa = PBXBuildFile; fileRef = 27681BF61C91A4E00093D929 /* Assets.xcassets */; };
		27F974C31C995F2F00EB6F40 /* Photo.swift in Sources */ = {isa = PBXBuildFile; fileRef = 27F974C21C995F2F00EB6F40 /* Photo.swift */; };
		27FCEF871C997EC700075E60 /* CollectionViewCell.swift in Sources */ = {isa = PBXBuildFile; fileRef = 2762FBE01C93149E00A60257 /* CollectionViewCell.swift */; };
		27FCEF881C997EC700075E60 /* CollectionViewCell.swift in Sources */ = {isa = PBXBuildFile; fileRef = 2762FBE01C93149E00A60257 /* CollectionViewCell.swift */; };
		27FCEF891C997ECA00075E60 /* MapView.swift in Sources */ = {isa = PBXBuildFile; fileRef = 27681BBE1C8F20090093D929 /* MapView.swift */; };
		27FCEF8A1C997ECB00075E60 /* MapView.swift in Sources */ = {isa = PBXBuildFile; fileRef = 27681BBE1C8F20090093D929 /* MapView.swift */; };
		27FCEF8B1C997ECD00075E60 /* FlickrClient.swift in Sources */ = {isa = PBXBuildFile; fileRef = 2762FBEB1C96E22500A60257 /* FlickrClient.swift */; };
		27FCEF8C1C997ECE00075E60 /* FlickrClient.swift in Sources */ = {isa = PBXBuildFile; fileRef = 2762FBEB1C96E22500A60257 /* FlickrClient.swift */; };
		27FCEF8D1C997ED000075E60 /* FlickrConstants.swift in Sources */ = {isa = PBXBuildFile; fileRef = 2762FBED1C96E3F000A60257 /* FlickrConstants.swift */; };
		27FCEF8E1C997ED100075E60 /* FlickrConstants.swift in Sources */ = {isa = PBXBuildFile; fileRef = 2762FBED1C96E3F000A60257 /* FlickrConstants.swift */; };
		27FCEF8F1C997ED900075E60 /* Photo.swift in Sources */ = {isa = PBXBuildFile; fileRef = 27F974C21C995F2F00EB6F40 /* Photo.swift */; };
		27FCEF901C997ED900075E60 /* Photo.swift in Sources */ = {isa = PBXBuildFile; fileRef = 27F974C21C995F2F00EB6F40 /* Photo.swift */; };
		27FCEF911C997EDC00075E60 /* Pin.swift in Sources */ = {isa = PBXBuildFile; fileRef = 2762FBCE1C91D29C00A60257 /* Pin.swift */; };
		27FCEF921C997EDD00075E60 /* Pin.swift in Sources */ = {isa = PBXBuildFile; fileRef = 2762FBCE1C91D29C00A60257 /* Pin.swift */; };
		27FCEF931C997EE100075E60 /* CoreDataStackManager.swift in Sources */ = {isa = PBXBuildFile; fileRef = 2762FBD51C92D45000A60257 /* CoreDataStackManager.swift */; };
		27FCEF941C997EE100075E60 /* CoreDataStackManager.swift in Sources */ = {isa = PBXBuildFile; fileRef = 2762FBD51C92D45000A60257 /* CoreDataStackManager.swift */; };
/* End PBXBuildFile section */

/* Begin PBXContainerItemProxy section */
		27681BD11C8F20090093D929 /* PBXContainerItemProxy */ = {
			isa = PBXContainerItemProxy;
			containerPortal = 27681BB11C8F20090093D929 /* Project object */;
			proxyType = 1;
			remoteGlobalIDString = 27681BB81C8F20090093D929;
			remoteInfo = "Virtual Tourist";
		};
		27681BDC1C8F20090093D929 /* PBXContainerItemProxy */ = {
			isa = PBXContainerItemProxy;
			containerPortal = 27681BB11C8F20090093D929 /* Project object */;
			proxyType = 1;
			remoteGlobalIDString = 27681BB81C8F20090093D929;
			remoteInfo = "Virtual Tourist";
		};
/* End PBXContainerItemProxy section */

/* Begin PBXFileReference section */
		2762FBCE1C91D29C00A60257 /* Pin.swift */ = {isa = PBXFileReference; fileEncoding = 4; lastKnownFileType = sourcecode.swift; name = Pin.swift; path = ../Pin.swift; sourceTree = "<group>"; };
		2762FBD51C92D45000A60257 /* CoreDataStackManager.swift */ = {isa = PBXFileReference; fileEncoding = 4; lastKnownFileType = sourcecode.swift; path = CoreDataStackManager.swift; sourceTree = "<group>"; };
		2762FBD81C92D59300A60257 /* Model.xcdatamodel */ = {isa = PBXFileReference; lastKnownFileType = wrapper.xcdatamodel; path = Model.xcdatamodel; sourceTree = "<group>"; };
		2762FBDB1C92F13500A60257 /* Fabric.framework */ = {isa = PBXFileReference; lastKnownFileType = wrapper.framework; path = Fabric.framework; sourceTree = "<group>"; };
		2762FBDC1C92F13500A60257 /* Crashlytics.framework */ = {isa = PBXFileReference; lastKnownFileType = wrapper.framework; path = Crashlytics.framework; sourceTree = "<group>"; };
		2762FBE01C93149E00A60257 /* CollectionViewCell.swift */ = {isa = PBXFileReference; fileEncoding = 4; lastKnownFileType = sourcecode.swift; path = CollectionViewCell.swift; sourceTree = "<group>"; };
		2762FBEB1C96E22500A60257 /* FlickrClient.swift */ = {isa = PBXFileReference; fileEncoding = 4; lastKnownFileType = sourcecode.swift; path = FlickrClient.swift; sourceTree = "<group>"; };
		2762FBED1C96E3F000A60257 /* FlickrConstants.swift */ = {isa = PBXFileReference; fileEncoding = 4; lastKnownFileType = sourcecode.swift; path = FlickrConstants.swift; sourceTree = "<group>"; };
		27681BB91C8F20090093D929 /* Virtual Tourist.app */ = {isa = PBXFileReference; explicitFileType = wrapper.application; includeInIndex = 0; path = "Virtual Tourist.app"; sourceTree = BUILT_PRODUCTS_DIR; };
		27681BBC1C8F20090093D929 /* AppDelegate.swift */ = {isa = PBXFileReference; lastKnownFileType = sourcecode.swift; path = AppDelegate.swift; sourceTree = "<group>"; };
		27681BBE1C8F20090093D929 /* MapView.swift */ = {isa = PBXFileReference; lastKnownFileType = sourcecode.swift; path = MapView.swift; sourceTree = "<group>"; };
		27681BC11C8F20090093D929 /* Base */ = {isa = PBXFileReference; lastKnownFileType = file.storyboard; name = Base; path = Base.lproj/Main.storyboard; sourceTree = "<group>"; };
		27681BC91C8F20090093D929 /* Base */ = {isa = PBXFileReference; lastKnownFileType = file.storyboard; name = Base; path = Base.lproj/LaunchScreen.storyboard; sourceTree = "<group>"; };
		27681BCB1C8F20090093D929 /* Info.plist */ = {isa = PBXFileReference; lastKnownFileType = text.plist.xml; path = Info.plist; sourceTree = "<group>"; };
		27681BD01C8F20090093D929 /* Virtual TouristTests.xctest */ = {isa = PBXFileReference; explicitFileType = wrapper.cfbundle; includeInIndex = 0; path = "Virtual TouristTests.xctest"; sourceTree = BUILT_PRODUCTS_DIR; };
		27681BD41C8F20090093D929 /* Virtual_TouristTests.swift */ = {isa = PBXFileReference; lastKnownFileType = sourcecode.swift; path = Virtual_TouristTests.swift; sourceTree = "<group>"; };
		27681BD61C8F20090093D929 /* Info.plist */ = {isa = PBXFileReference; lastKnownFileType = text.plist.xml; path = Info.plist; sourceTree = "<group>"; };
		27681BDB1C8F20090093D929 /* Virtual TouristUITests.xctest */ = {isa = PBXFileReference; explicitFileType = wrapper.cfbundle; includeInIndex = 0; path = "Virtual TouristUITests.xctest"; sourceTree = BUILT_PRODUCTS_DIR; };
		27681BDF1C8F20090093D929 /* Virtual_TouristUITests.swift */ = {isa = PBXFileReference; lastKnownFileType = sourcecode.swift; path = Virtual_TouristUITests.swift; sourceTree = "<group>"; };
		27681BE11C8F20090093D929 /* Info.plist */ = {isa = PBXFileReference; lastKnownFileType = text.plist.xml; path = Info.plist; sourceTree = "<group>"; };
		27681BF01C9181FF0093D929 /* CoreLocation.framework */ = {isa = PBXFileReference; lastKnownFileType = wrapper.framework; name = CoreLocation.framework; path = System/Library/Frameworks/CoreLocation.framework; sourceTree = SDKROOT; };
		27681BF21C91980E0093D929 /* PhotoAlbum.swift */ = {isa = PBXFileReference; fileEncoding = 4; lastKnownFileType = sourcecode.swift; path = PhotoAlbum.swift; sourceTree = "<group>"; };
		27681BF61C91A4E00093D929 /* Assets.xcassets */ = {isa = PBXFileReference; lastKnownFileType = folder.assetcatalog; path = Assets.xcassets; sourceTree = "<group>"; };
		27F974C21C995F2F00EB6F40 /* Photo.swift */ = {isa = PBXFileReference; fileEncoding = 4; lastKnownFileType = sourcecode.swift; path = Photo.swift; sourceTree = "<group>"; };
/* End PBXFileReference section */

/* Begin PBXFrameworksBuildPhase section */
		27681BB61C8F20090093D929 /* Frameworks */ = {
			isa = PBXFrameworksBuildPhase;
			buildActionMask = 2147483647;
			files = (
				27681BF11C9181FF0093D929 /* CoreLocation.framework in Frameworks */,
				2762FBDE1C92F13500A60257 /* Crashlytics.framework in Frameworks */,
				2762FBDD1C92F13500A60257 /* Fabric.framework in Frameworks */,
			);
			runOnlyForDeploymentPostprocessing = 0;
		};
		27681BCD1C8F20090093D929 /* Frameworks */ = {
			isa = PBXFrameworksBuildPhase;
			buildActionMask = 2147483647;
			files = (
			);
			runOnlyForDeploymentPostprocessing = 0;
		};
		27681BD81C8F20090093D929 /* Frameworks */ = {
			isa = PBXFrameworksBuildPhase;
			buildActionMask = 2147483647;
			files = (
			);
			runOnlyForDeploymentPostprocessing = 0;
		};
/* End PBXFrameworksBuildPhase section */

/* Begin PBXGroup section */
		2762FBDF1C930D4000A60257 /* ViewController */ = {
			isa = PBXGroup;
			children = (
				27681BBE1C8F20090093D929 /* MapView.swift */,
				27681BF21C91980E0093D929 /* PhotoAlbum.swift */,
				2762FBE01C93149E00A60257 /* CollectionViewCell.swift */,
			);
			name = ViewController;
			sourceTree = "<group>";
		};
		2762FBE91C96E1B200A60257 /* Flickr */ = {
			isa = PBXGroup;
			children = (
				2762FBEB1C96E22500A60257 /* FlickrClient.swift */,
				2762FBED1C96E3F000A60257 /* FlickrConstants.swift */,
			);
			name = Flickr;
			sourceTree = "<group>";
		};
		2762FBEA1C96E1CE00A60257 /* CoreData */ = {
			isa = PBXGroup;
			children = (
				2762FBD51C92D45000A60257 /* CoreDataStackManager.swift */,
				2762FBD71C92D59300A60257 /* Model.xcdatamodeld */,
				2762FBCE1C91D29C00A60257 /* Pin.swift */,
				27F974C21C995F2F00EB6F40 /* Photo.swift */,
			);
			name = CoreData;
			sourceTree = "<group>";
		};
		27681BB01C8F20090093D929 = {
			isa = PBXGroup;
			children = (
				2762FBDB1C92F13500A60257 /* Fabric.framework */,
				2762FBDC1C92F13500A60257 /* Crashlytics.framework */,
				27681BF01C9181FF0093D929 /* CoreLocation.framework */,
				27681BBB1C8F20090093D929 /* Virtual Tourist */,
				27681BD31C8F20090093D929 /* Virtual TouristTests */,
				27681BDE1C8F20090093D929 /* Virtual TouristUITests */,
				27681BBA1C8F20090093D929 /* Products */,
			);
			sourceTree = "<group>";
		};
		27681BBA1C8F20090093D929 /* Products */ = {
			isa = PBXGroup;
			children = (
				27681BB91C8F20090093D929 /* Virtual Tourist.app */,
				27681BD01C8F20090093D929 /* Virtual TouristTests.xctest */,
				27681BDB1C8F20090093D929 /* Virtual TouristUITests.xctest */,
			);
			name = Products;
			sourceTree = "<group>";
		};
		27681BBB1C8F20090093D929 /* Virtual Tourist */ = {
			isa = PBXGroup;
			children = (
				27681BED1C8F2BE30093D929 /* Model */,
				2762FBDF1C930D4000A60257 /* ViewController */,
				27681BBC1C8F20090093D929 /* AppDelegate.swift */,
				27681BC01C8F20090093D929 /* Main.storyboard */,
				27681BC81C8F20090093D929 /* LaunchScreen.storyboard */,
				27681BCB1C8F20090093D929 /* Info.plist */,
				27681BF61C91A4E00093D929 /* Assets.xcassets */,
			);
			path = "Virtual Tourist";
			sourceTree = "<group>";
		};
		27681BD31C8F20090093D929 /* Virtual TouristTests */ = {
			isa = PBXGroup;
			children = (
				27681BD41C8F20090093D929 /* Virtual_TouristTests.swift */,
				27681BD61C8F20090093D929 /* Info.plist */,
			);
			path = "Virtual TouristTests";
			sourceTree = "<group>";
		};
		27681BDE1C8F20090093D929 /* Virtual TouristUITests */ = {
			isa = PBXGroup;
			children = (
				27681BDF1C8F20090093D929 /* Virtual_TouristUITests.swift */,
				27681BE11C8F20090093D929 /* Info.plist */,
			);
			path = "Virtual TouristUITests";
			sourceTree = "<group>";
		};
		27681BED1C8F2BE30093D929 /* Model */ = {
			isa = PBXGroup;
			children = (
				2762FBEA1C96E1CE00A60257 /* CoreData */,
				2762FBE91C96E1B200A60257 /* Flickr */,
			);
			name = Model;
			sourceTree = "<group>";
		};
/* End PBXGroup section */

/* Begin PBXNativeTarget section */
		27681BB81C8F20090093D929 /* Virtual Tourist */ = {
			isa = PBXNativeTarget;
			buildConfigurationList = 27681BE41C8F20090093D929 /* Build configuration list for PBXNativeTarget "Virtual Tourist" */;
			buildPhases = (
				27681BB51C8F20090093D929 /* Sources */,
				27681BB61C8F20090093D929 /* Frameworks */,
				27681BB71C8F20090093D929 /* Resources */,
				2762FBDA1C92F10500A60257 /* ShellScript */,
			);
			buildRules = (
			);
			dependencies = (
			);
			name = "Virtual Tourist";
			productName = "Virtual Tourist";
			productReference = 27681BB91C8F20090093D929 /* Virtual Tourist.app */;
			productType = "com.apple.product-type.application";
		};
		27681BCF1C8F20090093D929 /* Virtual TouristTests */ = {
			isa = PBXNativeTarget;
			buildConfigurationList = 27681BE71C8F20090093D929 /* Build configuration list for PBXNativeTarget "Virtual TouristTests" */;
			buildPhases = (
				27681BCC1C8F20090093D929 /* Sources */,
				27681BCD1C8F20090093D929 /* Frameworks */,
				27681BCE1C8F20090093D929 /* Resources */,
			);
			buildRules = (
			);
			dependencies = (
				27681BD21C8F20090093D929 /* PBXTargetDependency */,
			);
			name = "Virtual TouristTests";
			productName = "Virtual TouristTests";
			productReference = 27681BD01C8F20090093D929 /* Virtual TouristTests.xctest */;
			productType = "com.apple.product-type.bundle.unit-test";
		};
		27681BDA1C8F20090093D929 /* Virtual TouristUITests */ = {
			isa = PBXNativeTarget;
			buildConfigurationList = 27681BEA1C8F20090093D929 /* Build configuration list for PBXNativeTarget "Virtual TouristUITests" */;
			buildPhases = (
				27681BD71C8F20090093D929 /* Sources */,
				27681BD81C8F20090093D929 /* Frameworks */,
				27681BD91C8F20090093D929 /* Resources */,
			);
			buildRules = (
			);
			dependencies = (
				27681BDD1C8F20090093D929 /* PBXTargetDependency */,
			);
			name = "Virtual TouristUITests";
			productName = "Virtual TouristUITests";
			productReference = 27681BDB1C8F20090093D929 /* Virtual TouristUITests.xctest */;
			productType = "com.apple.product-type.bundle.ui-testing";
		};
/* End PBXNativeTarget section */

/* Begin PBXProject section */
		27681BB11C8F20090093D929 /* Project object */ = {
			isa = PBXProject;
			attributes = {
				LastSwiftUpdateCheck = 0720;
				LastUpgradeCheck = 0720;
				ORGANIZATIONNAME = Weblify;
				TargetAttributes = {
					27681BB81C8F20090093D929 = {
						CreatedOnToolsVersion = 7.2;
					};
					27681BCF1C8F20090093D929 = {
						CreatedOnToolsVersion = 7.2;
						TestTargetID = 27681BB81C8F20090093D929;
					};
					27681BDA1C8F20090093D929 = {
						CreatedOnToolsVersion = 7.2;
						TestTargetID = 27681BB81C8F20090093D929;
					};
				};
			};
			buildConfigurationList = 27681BB41C8F20090093D929 /* Build configuration list for PBXProject "Virtual Tourist" */;
			compatibilityVersion = "Xcode 3.2";
			developmentRegion = English;
			hasScannedForEncodings = 0;
			knownRegions = (
				en,
				Base,
			);
			mainGroup = 27681BB01C8F20090093D929;
			productRefGroup = 27681BBA1C8F20090093D929 /* Products */;
			projectDirPath = "";
			projectRoot = "";
			targets = (
				27681BB81C8F20090093D929 /* Virtual Tourist */,
				27681BCF1C8F20090093D929 /* Virtual TouristTests */,
				27681BDA1C8F20090093D929 /* Virtual TouristUITests */,
			);
		};
/* End PBXProject section */

/* Begin PBXResourcesBuildPhase section */
		27681BB71C8F20090093D929 /* Resources */ = {
			isa = PBXResourcesBuildPhase;
			buildActionMask = 2147483647;
			files = (
				27681BCA1C8F20090093D929 /* LaunchScreen.storyboard in Resources */,
				27681BF71C91A4E00093D929 /* Assets.xcassets in Resources */,
				27681BC21C8F20090093D929 /* Main.storyboard in Resources */,
			);
			runOnlyForDeploymentPostprocessing = 0;
		};
		27681BCE1C8F20090093D929 /* Resources */ = {
			isa = PBXResourcesBuildPhase;
			buildActionMask = 2147483647;
			files = (
				27681BF81C91A4E00093D929 /* Assets.xcassets in Resources */,
			);
			runOnlyForDeploymentPostprocessing = 0;
		};
		27681BD91C8F20090093D929 /* Resources */ = {
			isa = PBXResourcesBuildPhase;
			buildActionMask = 2147483647;
			files = (
				27681BF91C91A4E00093D929 /* Assets.xcassets in Resources */,
			);
			runOnlyForDeploymentPostprocessing = 0;
		};
/* End PBXResourcesBuildPhase section */

/* Begin PBXShellScriptBuildPhase section */
		2762FBDA1C92F10500A60257 /* ShellScript */ = {
			isa = PBXShellScriptBuildPhase;
			buildActionMask = 2147483647;
			files = (
			);
			inputPaths = (
			);
			outputPaths = (
			);
			runOnlyForDeploymentPostprocessing = 0;
			shellPath = /bin/sh;
			shellScript = "";
		};
/* End PBXShellScriptBuildPhase section */

/* Begin PBXSourcesBuildPhase section */
		27681BB51C8F20090093D929 /* Sources */ = {
			isa = PBXSourcesBuildPhase;
			buildActionMask = 2147483647;
			files = (
				27681BBF1C8F20090093D929 /* MapView.swift in Sources */,
				2762FBEE1C96E3F000A60257 /* FlickrConstants.swift in Sources */,
				27681BF31C91980E0093D929 /* PhotoAlbum.swift in Sources */,
				2762FBD01C91D29C00A60257 /* Pin.swift in Sources */,
				27F974C31C995F2F00EB6F40 /* Photo.swift in Sources */,
				2762FBE11C93149E00A60257 /* CollectionViewCell.swift in Sources */,
				27681BBD1C8F20090093D929 /* AppDelegate.swift in Sources */,
				2762FBD61C92D45000A60257 /* CoreDataStackManager.swift in Sources */,
				2762FBD91C92D59300A60257 /* Model.xcdatamodeld in Sources */,
				2762FBEC1C96E22500A60257 /* FlickrClient.swift in Sources */,
			);
			runOnlyForDeploymentPostprocessing = 0;
		};
		27681BCC1C8F20090093D929 /* Sources */ = {
			isa = PBXSourcesBuildPhase;
			buildActionMask = 2147483647;
			files = (
				27FCEF8F1C997ED900075E60 /* Photo.swift in Sources */,
				27681BF41C91980E0093D929 /* PhotoAlbum.swift in Sources */,
				27FCEF931C997EE100075E60 /* CoreDataStackManager.swift in Sources */,
				27FCEF8B1C997ECD00075E60 /* FlickrClient.swift in Sources */,
				27FCEF911C997EDC00075E60 /* Pin.swift in Sources */,
				27FCEF891C997ECA00075E60 /* MapView.swift in Sources */,
				27681BD51C8F20090093D929 /* Virtual_TouristTests.swift in Sources */,
				27FCEF8D1C997ED000075E60 /* FlickrConstants.swift in Sources */,
				27FCEF871C997EC700075E60 /* CollectionViewCell.swift in Sources */,
			);
			runOnlyForDeploymentPostprocessing = 0;
		};
		27681BD71C8F20090093D929 /* Sources */ = {
			isa = PBXSourcesBuildPhase;
			buildActionMask = 2147483647;
			files = (
				27FCEF901C997ED900075E60 /* Photo.swift in Sources */,
				27681BF51C91980E0093D929 /* PhotoAlbum.swift in Sources */,
				27FCEF941C997EE100075E60 /* CoreDataStackManager.swift in Sources */,
				27FCEF8C1C997ECE00075E60 /* FlickrClient.swift in Sources */,
				27FCEF921C997EDD00075E60 /* Pin.swift in Sources */,
				27FCEF8A1C997ECB00075E60 /* MapView.swift in Sources */,
				27681BE01C8F20090093D929 /* Virtual_TouristUITests.swift in Sources */,
				27FCEF8E1C997ED100075E60 /* FlickrConstants.swift in Sources */,
				27FCEF881C997EC700075E60 /* CollectionViewCell.swift in Sources */,
			);
			runOnlyForDeploymentPostprocessing = 0;
		};
/* End PBXSourcesBuildPhase section */

/* Begin PBXTargetDependency section */
		27681BD21C8F20090093D929 /* PBXTargetDependency */ = {
			isa = PBXTargetDependency;
			target = 27681BB81C8F20090093D929 /* Virtual Tourist */;
			targetProxy = 27681BD11C8F20090093D929 /* PBXContainerItemProxy */;
		};
		27681BDD1C8F20090093D929 /* PBXTargetDependency */ = {
			isa = PBXTargetDependency;
			target = 27681BB81C8F20090093D929 /* Virtual Tourist */;
			targetProxy = 27681BDC1C8F20090093D929 /* PBXContainerItemProxy */;
		};
/* End PBXTargetDependency section */

/* Begin PBXVariantGroup section */
		27681BC01C8F20090093D929 /* Main.storyboard */ = {
			isa = PBXVariantGroup;
			children = (
				27681BC11C8F20090093D929 /* Base */,
			);
			name = Main.storyboard;
			sourceTree = "<group>";
		};
		27681BC81C8F20090093D929 /* LaunchScreen.storyboard */ = {
			isa = PBXVariantGroup;
			children = (
				27681BC91C8F20090093D929 /* Base */,
			);
			name = LaunchScreen.storyboard;
			sourceTree = "<group>";
		};
/* End PBXVariantGroup section */

/* Begin XCBuildConfiguration section */
		27681BE21C8F20090093D929 /* Debug */ = {
			isa = XCBuildConfiguration;
			buildSettings = {
				ALWAYS_SEARCH_USER_PATHS = NO;
				CLANG_CXX_LANGUAGE_STANDARD = "gnu++0x";
				CLANG_CXX_LIBRARY = "libc++";
				CLANG_ENABLE_MODULES = YES;
				CLANG_ENABLE_OBJC_ARC = YES;
				CLANG_WARN_BOOL_CONVERSION = YES;
				CLANG_WARN_CONSTANT_CONVERSION = YES;
				CLANG_WARN_DIRECT_OBJC_ISA_USAGE = YES_ERROR;
				CLANG_WARN_EMPTY_BODY = YES;
				CLANG_WARN_ENUM_CONVERSION = YES;
				CLANG_WARN_INT_CONVERSION = YES;
				CLANG_WARN_OBJC_ROOT_CLASS = YES_ERROR;
				CLANG_WARN_UNREACHABLE_CODE = YES;
				CLANG_WARN__DUPLICATE_METHOD_MATCH = YES;
				"CODE_SIGN_IDENTITY[sdk=iphoneos*]" = "iPhone Developer";
				COPY_PHASE_STRIP = NO;
				DEBUG_INFORMATION_FORMAT = dwarf;
				ENABLE_STRICT_OBJC_MSGSEND = YES;
				ENABLE_TESTABILITY = YES;
				GCC_C_LANGUAGE_STANDARD = gnu99;
				GCC_DYNAMIC_NO_PIC = NO;
				GCC_NO_COMMON_BLOCKS = YES;
				GCC_OPTIMIZATION_LEVEL = 0;
				GCC_PREPROCESSOR_DEFINITIONS = (
					"DEBUG=1",
					"$(inherited)",
				);
				GCC_WARN_64_TO_32_BIT_CONVERSION = YES;
				GCC_WARN_ABOUT_RETURN_TYPE = YES_ERROR;
				GCC_WARN_UNDECLARED_SELECTOR = YES;
				GCC_WARN_UNINITIALIZED_AUTOS = YES_AGGRESSIVE;
				GCC_WARN_UNUSED_FUNCTION = YES;
				GCC_WARN_UNUSED_VARIABLE = YES;
				IPHONEOS_DEPLOYMENT_TARGET = 9.2;
				MTL_ENABLE_DEBUG_INFO = YES;
				ONLY_ACTIVE_ARCH = YES;
				SDKROOT = iphoneos;
				SWIFT_OPTIMIZATION_LEVEL = "-Onone";
				TARGETED_DEVICE_FAMILY = "1,2";
			};
			name = Debug;
		};
		27681BE31C8F20090093D929 /* Release */ = {
			isa = XCBuildConfiguration;
			buildSettings = {
				ALWAYS_SEARCH_USER_PATHS = NO;
				CLANG_CXX_LANGUAGE_STANDARD = "gnu++0x";
				CLANG_CXX_LIBRARY = "libc++";
				CLANG_ENABLE_MODULES = YES;
				CLANG_ENABLE_OBJC_ARC = YES;
				CLANG_WARN_BOOL_CONVERSION = YES;
				CLANG_WARN_CONSTANT_CONVERSION = YES;
				CLANG_WARN_DIRECT_OBJC_ISA_USAGE = YES_ERROR;
				CLANG_WARN_EMPTY_BODY = YES;
				CLANG_WARN_ENUM_CONVERSION = YES;
				CLANG_WARN_INT_CONVERSION = YES;
				CLANG_WARN_OBJC_ROOT_CLASS = YES_ERROR;
				CLANG_WARN_UNREACHABLE_CODE = YES;
				CLANG_WARN__DUPLICATE_METHOD_MATCH = YES;
				"CODE_SIGN_IDENTITY[sdk=iphoneos*]" = "iPhone Developer";
				COPY_PHASE_STRIP = NO;
				DEBUG_INFORMATION_FORMAT = "dwarf-with-dsym";
				ENABLE_NS_ASSERTIONS = NO;
				ENABLE_STRICT_OBJC_MSGSEND = YES;
				GCC_C_LANGUAGE_STANDARD = gnu99;
				GCC_NO_COMMON_BLOCKS = YES;
				GCC_WARN_64_TO_32_BIT_CONVERSION = YES;
				GCC_WARN_ABOUT_RETURN_TYPE = YES_ERROR;
				GCC_WARN_UNDECLARED_SELECTOR = YES;
				GCC_WARN_UNINITIALIZED_AUTOS = YES_AGGRESSIVE;
				GCC_WARN_UNUSED_FUNCTION = YES;
				GCC_WARN_UNUSED_VARIABLE = YES;
				IPHONEOS_DEPLOYMENT_TARGET = 9.2;
				MTL_ENABLE_DEBUG_INFO = NO;
				SDKROOT = iphoneos;
				TARGETED_DEVICE_FAMILY = "1,2";
				VALIDATE_PRODUCT = YES;
			};
			name = Release;
		};
		27681BE51C8F20090093D929 /* Debug */ = {
			isa = XCBuildConfiguration;
			buildSettings = {
				ASSETCATALOG_COMPILER_APPICON_NAME = AppIcon;
				FRAMEWORK_SEARCH_PATHS = (
					"$(inherited)",
					"$(PROJECT_DIR)",
				);
				INFOPLIST_FILE = "Virtual Tourist/Info.plist";
				IPHONEOS_DEPLOYMENT_TARGET = 8.0;
				LD_RUNPATH_SEARCH_PATHS = "$(inherited) @executable_path/Frameworks";
				PRODUCT_BUNDLE_IDENTIFIER = pl.weblify.virtualtourist;
				PRODUCT_NAME = "$(TARGET_NAME)";
			};
			name = Debug;
		};
		27681BE61C8F20090093D929 /* Release */ = {
			isa = XCBuildConfiguration;
			buildSettings = {
				ASSETCATALOG_COMPILER_APPICON_NAME = AppIcon;
				FRAMEWORK_SEARCH_PATHS = (
					"$(inherited)",
					"$(PROJECT_DIR)",
				);
				INFOPLIST_FILE = "Virtual Tourist/Info.plist";
				IPHONEOS_DEPLOYMENT_TARGET = 8.0;
				LD_RUNPATH_SEARCH_PATHS = "$(inherited) @executable_path/Frameworks";
				PRODUCT_BUNDLE_IDENTIFIER = pl.weblify.virtualtourist;
				PRODUCT_NAME = "$(TARGET_NAME)";
			};
			name = Release;
		};
		27681BE81C8F20090093D929 /* Debug */ = {
			isa = XCBuildConfiguration;
			buildSettings = {
				BUNDLE_LOADER = "$(TEST_HOST)";
				INFOPLIST_FILE = "Virtual TouristTests/Info.plist";
				LD_RUNPATH_SEARCH_PATHS = "$(inherited) @executable_path/Frameworks @loader_path/Frameworks";
				PRODUCT_BUNDLE_IDENTIFIER = "pl.weblify.virtualtourist.Virtual-TouristTests";
				PRODUCT_NAME = "$(TARGET_NAME)";
				TEST_HOST = "$(BUILT_PRODUCTS_DIR)/Virtual Tourist.app/Virtual Tourist";
			};
			name = Debug;
		};
		27681BE91C8F20090093D929 /* Release */ = {
			isa = XCBuildConfiguration;
			buildSettings = {
				BUNDLE_LOADER = "$(TEST_HOST)";
				INFOPLIST_FILE = "Virtual TouristTests/Info.plist";
				LD_RUNPATH_SEARCH_PATHS = "$(inherited) @executable_path/Frameworks @loader_path/Frameworks";
				PRODUCT_BUNDLE_IDENTIFIER = "pl.weblify.virtualtourist.Virtual-TouristTests";
				PRODUCT_NAME = "$(TARGET_NAME)";
				TEST_HOST = "$(BUILT_PRODUCTS_DIR)/Virtual Tourist.app/Virtual Tourist";
			};
			name = Release;
		};
		27681BEB1C8F20090093D929 /* Debug */ = {
			isa = XCBuildConfiguration;
			buildSettings = {
				INFOPLIST_FILE = "Virtual TouristUITests/Info.plist";
				LD_RUNPATH_SEARCH_PATHS = "$(inherited) @executable_path/Frameworks @loader_path/Frameworks";
				PRODUCT_BUNDLE_IDENTIFIER = "pl.weblify.virtualtourist.Virtual-TouristUITests";
				PRODUCT_NAME = "$(TARGET_NAME)";
				TEST_TARGET_NAME = "Virtual Tourist";
				USES_XCTRUNNER = YES;
			};
			name = Debug;
		};
		27681BEC1C8F20090093D929 /* Release */ = {
			isa = XCBuildConfiguration;
			buildSettings = {
				INFOPLIST_FILE = "Virtual TouristUITests/Info.plist";
				LD_RUNPATH_SEARCH_PATHS = "$(inherited) @executable_path/Frameworks @loader_path/Frameworks";
				PRODUCT_BUNDLE_IDENTIFIER = "pl.weblify.virtualtourist.Virtual-TouristUITests";
				PRODUCT_NAME = "$(TARGET_NAME)";
				TEST_TARGET_NAME = "Virtual Tourist";
				USES_XCTRUNNER = YES;
			};
			name = Release;
		};
/* End XCBuildConfiguration section */

/* Begin XCConfigurationList section */
		27681BB41C8F20090093D929 /* Build configuration list for PBXProject "Virtual Tourist" */ = {
			isa = XCConfigurationList;
			buildConfigurations = (
				27681BE21C8F20090093D929 /* Debug */,
				27681BE31C8F20090093D929 /* Release */,
			);
			defaultConfigurationIsVisible = 0;
			defaultConfigurationName = Release;
		};
		27681BE41C8F20090093D929 /* Build configuration list for PBXNativeTarget "Virtual Tourist" */ = {
			isa = XCConfigurationList;
			buildConfigurations = (
				27681BE51C8F20090093D929 /* Debug */,
				27681BE61C8F20090093D929 /* Release */,
			);
			defaultConfigurationIsVisible = 0;
			defaultConfigurationName = Release;
		};
		27681BE71C8F20090093D929 /* Build configuration list for PBXNativeTarget "Virtual TouristTests" */ = {
			isa = XCConfigurationList;
			buildConfigurations = (
				27681BE81C8F20090093D929 /* Debug */,
				27681BE91C8F20090093D929 /* Release */,
			);
			defaultConfigurationIsVisible = 0;
			defaultConfigurationName = Release;
		};
		27681BEA1C8F20090093D929 /* Build configuration list for PBXNativeTarget "Virtual TouristUITests" */ = {
			isa = XCConfigurationList;
			buildConfigurations = (
				27681BEB1C8F20090093D929 /* Debug */,
				27681BEC1C8F20090093D929 /* Release */,
			);
			defaultConfigurationIsVisible = 0;
			defaultConfigurationName = Release;
		};
/* End XCConfigurationList section */

/* Begin XCVersionGroup section */
		2762FBD71C92D59300A60257 /* Model.xcdatamodeld */ = {
			isa = XCVersionGroup;
			children = (
				2762FBD81C92D59300A60257 /* Model.xcdatamodel */,
			);
			currentVersion = 2762FBD81C92D59300A60257 /* Model.xcdatamodel */;
			path = Model.xcdatamodeld;
			sourceTree = "<group>";
			versionGroupType = wrapper.xcdatamodel;
		};
/* End XCVersionGroup section */
	};
	rootObject = 27681BB11C8F20090093D929 /* Project object */;
}
